
Microsoft Visual Studio Solution File, Format Version 12.00
# 
Project("{FAE04EC0-301F-11D3-BF4B-00C04F79EFBC}") = "Common", "Common\Common.csproj", "{1785F89D-268A-47B4-BE6C-B89145C4EAC7}"
EndProject
Project("{FAE04EC0-301F-11D3-BF4B-00C04F79EFBC}") = "Common.Tests", "Common.Tests\Common.Tests.csproj", "{6198DB3D-FC52-472F-9857-E2C86E418A80}"
EndProject
Project("{2150E333-8FDC-42A3-9474-1A3956D46DE8}") = "Data", "Data", "{655E4E4D-3C4D-48CD-AE4C-F17B850957A6}"
EndProject
Project("{FAE04EC0-301F-11D3-BF4B-00C04F79EFBC}") = "InMemory", "InMemory\InMemory.csproj", "{9243FA9E-1227-488B-B61D-72B670016941}"
EndProject
Project("{FAE04EC0-301F-11D3-BF4B-00C04F79EFBC}") = "InMemory.Tests", "InMemory.Tests\InMemory.Tests.csproj", "{02697007-EB1F-4848-B29D-256A58C41AF0}"
EndProject
Project("{2150E333-8FDC-42A3-9474-1A3956D46DE8}") = "InMemory", "InMemory", "{B4B71B43-AFEE-4F75-8AEB-FAAC019CBF01}"
EndProject
Project("{2150E333-8FDC-42A3-9474-1A3956D46DE8}") = "FileData", "FileData", "{762A82AE-5BCF-4F7C-BBE9-7CEBAD5495E3}"
EndProject
Project("{FAE04EC0-301F-11D3-BF4B-00C04F79EFBC}") = "FileData", "FileData\FileData.csproj", "{560861F2-99F8-4509-A977-A868F45F2DC1}"
EndProject
Project("{FAE04EC0-301F-11D3-BF4B-00C04F79EFBC}") = "FileData.Tests", "FileData.Tests\FileData.Tests.csproj", "{5FFFD59E-C9AB-49E9-B37A-97AC2EF2278F}"
EndProject
Project("{FAE04EC0-301F-11D3-BF4B-00C04F79EFBC}") = "Logic", "Logic\Logic.csproj", "{4CB6CBCD-3481-4471-A758-19B5A45BDEF8}"
EndProject
Project("{FAE04EC0-301F-11D3-BF4B-00C04F79EFBC}") = "Logic.Tests", "Logic.Tests\Logic.Tests.csproj", "{A5835D3F-E41B-4BAC-A1CF-938FFA0FA68D}"
EndProject
Project("{2150E333-8FDC-42A3-9474-1A3956D46DE8}") = "Applications", "Applications", "{A85BE40E-D30D-4397-95FC-677F21A6A21E}"
EndProject
Project("{2150E333-8FDC-42A3-9474-1A3956D46DE8}") = "WebAPI", "WebAPI", "{EFD5DE4D-FC47-454E-9F61-DACEEDBC787B}"
EndProject
Project("{FAE04EC0-301F-11D3-BF4B-00C04F79EFBC}") = "WebAPI", "WebAPI\WebAPI.csproj", "{0FAFD1CB-0744-48DB-8968-81BCD97C63EC}"
EndProject
Project("{FAE04EC0-301F-11D3-BF4B-00C04F79EFBC}") = "WebAPI.Integration.Tests", "WebAPI.Integration.Tests\WebAPI.Integration.Tests.csproj", "{92955D03-6D92-45A3-90A7-68703CC54239}"
EndProject
Project("{2150E333-8FDC-42A3-9474-1A3956D46DE8}") = "Console", "Console", "{F07C93D1-2EF7-41CE-BA5C-3721EE68ABCA}"
EndProject
Project("{FAE04EC0-301F-11D3-BF4B-00C04F79EFBC}") = "ConsoleUtilities", "ConsoleUtilities\ConsoleUtilities.csproj", "{96CAFFD0-E9A7-462E-ADF4-5C40B1E3741F}"
EndProject
Project("{FAE04EC0-301F-11D3-BF4B-00C04F79EFBC}") = "TestUtilities", "TestUtilities\TestUtilities.csproj", "{30F26C90-EEA2-45A2-AC00-EA8FE3D3FDBB}"
EndProject
Project("{2150E333-8FDC-42A3-9474-1A3956D46DE8}") = "Solution Items", "Solution Items", "{3BA14EA6-57C7-488F-864D-A857FD8997C1}"
	ProjectSection(SolutionItems) = preProject
		README.md = README.md
		Taskfile.yml = Taskfile.yml
		.config\dotnet-tools.json = .config\dotnet-tools.json
		development\docker-compose.yml = development\docker-compose.yml
	EndProjectSection
EndProject
Project("{FAE04EC0-301F-11D3-BF4B-00C04F79EFBC}") = "EntityFramework", "EntityFramework\EntityFramework.csproj", "{A58CCFCA-111C-4B3C-AF57-1BB27F79AB43}"
EndProject
Global
	GlobalSection(SolutionConfigurationPlatforms) = preSolution
		Debug|Any CPU = Debug|Any CPU
		Release|Any CPU = Release|Any CPU
	EndGlobalSection
	GlobalSection(ProjectConfigurationPlatforms) = postSolution
		{1785F89D-268A-47B4-BE6C-B89145C4EAC7}.Debug|Any CPU.ActiveCfg = Debug|Any CPU
		{1785F89D-268A-47B4-BE6C-B89145C4EAC7}.Debug|Any CPU.Build.0 = Debug|Any CPU
		{1785F89D-268A-47B4-BE6C-B89145C4EAC7}.Release|Any CPU.ActiveCfg = Release|Any CPU
		{1785F89D-268A-47B4-BE6C-B89145C4EAC7}.Release|Any CPU.Build.0 = Release|Any CPU
		{6198DB3D-FC52-472F-9857-E2C86E418A80}.Debug|Any CPU.ActiveCfg = Debug|Any CPU
		{6198DB3D-FC52-472F-9857-E2C86E418A80}.Debug|Any CPU.Build.0 = Debug|Any CPU
		{6198DB3D-FC52-472F-9857-E2C86E418A80}.Release|Any CPU.ActiveCfg = Release|Any CPU
		{6198DB3D-FC52-472F-9857-E2C86E418A80}.Release|Any CPU.Build.0 = Release|Any CPU
		{9243FA9E-1227-488B-B61D-72B670016941}.Debug|Any CPU.ActiveCfg = Debug|Any CPU
		{9243FA9E-1227-488B-B61D-72B670016941}.Debug|Any CPU.Build.0 = Debug|Any CPU
		{9243FA9E-1227-488B-B61D-72B670016941}.Release|Any CPU.ActiveCfg = Release|Any CPU
		{9243FA9E-1227-488B-B61D-72B670016941}.Release|Any CPU.Build.0 = Release|Any CPU
		{02697007-EB1F-4848-B29D-256A58C41AF0}.Debug|Any CPU.ActiveCfg = Debug|Any CPU
		{02697007-EB1F-4848-B29D-256A58C41AF0}.Debug|Any CPU.Build.0 = Debug|Any CPU
		{02697007-EB1F-4848-B29D-256A58C41AF0}.Release|Any CPU.ActiveCfg = Release|Any CPU
		{02697007-EB1F-4848-B29D-256A58C41AF0}.Release|Any CPU.Build.0 = Release|Any CPU
		{560861F2-99F8-4509-A977-A868F45F2DC1}.Debug|Any CPU.ActiveCfg = Debug|Any CPU
		{560861F2-99F8-4509-A977-A868F45F2DC1}.Debug|Any CPU.Build.0 = Debug|Any CPU
		{560861F2-99F8-4509-A977-A868F45F2DC1}.Release|Any CPU.ActiveCfg = Release|Any CPU
		{560861F2-99F8-4509-A977-A868F45F2DC1}.Release|Any CPU.Build.0 = Release|Any CPU
		{5FFFD59E-C9AB-49E9-B37A-97AC2EF2278F}.Debug|Any CPU.ActiveCfg = Debug|Any CPU
		{5FFFD59E-C9AB-49E9-B37A-97AC2EF2278F}.Debug|Any CPU.Build.0 = Debug|Any CPU
		{5FFFD59E-C9AB-49E9-B37A-97AC2EF2278F}.Release|Any CPU.ActiveCfg = Release|Any CPU
		{5FFFD59E-C9AB-49E9-B37A-97AC2EF2278F}.Release|Any CPU.Build.0 = Release|Any CPU
		{4CB6CBCD-3481-4471-A758-19B5A45BDEF8}.Debug|Any CPU.ActiveCfg = Debug|Any CPU
		{4CB6CBCD-3481-4471-A758-19B5A45BDEF8}.Debug|Any CPU.Build.0 = Debug|Any CPU
		{4CB6CBCD-3481-4471-A758-19B5A45BDEF8}.Release|Any CPU.ActiveCfg = Release|Any CPU
		{4CB6CBCD-3481-4471-A758-19B5A45BDEF8}.Release|Any CPU.Build.0 = Release|Any CPU
		{A5835D3F-E41B-4BAC-A1CF-938FFA0FA68D}.Debug|Any CPU.ActiveCfg = Debug|Any CPU
		{A5835D3F-E41B-4BAC-A1CF-938FFA0FA68D}.Debug|Any CPU.Build.0 = Debug|Any CPU
		{A5835D3F-E41B-4BAC-A1CF-938FFA0FA68D}.Release|Any CPU.ActiveCfg = Release|Any CPU
		{A5835D3F-E41B-4BAC-A1CF-938FFA0FA68D}.Release|Any CPU.Build.0 = Release|Any CPU
		{0FAFD1CB-0744-48DB-8968-81BCD97C63EC}.Debug|Any CPU.ActiveCfg = Debug|Any CPU
		{0FAFD1CB-0744-48DB-8968-81BCD97C63EC}.Debug|Any CPU.Build.0 = Debug|Any CPU
		{0FAFD1CB-0744-48DB-8968-81BCD97C63EC}.Release|Any CPU.ActiveCfg = Release|Any CPU
		{0FAFD1CB-0744-48DB-8968-81BCD97C63EC}.Release|Any CPU.Build.0 = Release|Any CPU
		{92955D03-6D92-45A3-90A7-68703CC54239}.Debug|Any CPU.ActiveCfg = Debug|Any CPU
		{92955D03-6D92-45A3-90A7-68703CC54239}.Debug|Any CPU.Build.0 = Debug|Any CPU
		{92955D03-6D92-45A3-90A7-68703CC54239}.Release|Any CPU.ActiveCfg = Release|Any CPU
		{92955D03-6D92-45A3-90A7-68703CC54239}.Release|Any CPU.Build.0 = Release|Any CPU
		{96CAFFD0-E9A7-462E-ADF4-5C40B1E3741F}.Debug|Any CPU.ActiveCfg = Debug|Any CPU
		{96CAFFD0-E9A7-462E-ADF4-5C40B1E3741F}.Debug|Any CPU.Build.0 = Debug|Any CPU
		{96CAFFD0-E9A7-462E-ADF4-5C40B1E3741F}.Release|Any CPU.ActiveCfg = Release|Any CPU
		{96CAFFD0-E9A7-462E-ADF4-5C40B1E3741F}.Release|Any CPU.Build.0 = Release|Any CPU
		{30F26C90-EEA2-45A2-AC00-EA8FE3D3FDBB}.Debug|Any CPU.ActiveCfg = Debug|Any CPU
		{30F26C90-EEA2-45A2-AC00-EA8FE3D3FDBB}.Debug|Any CPU.Build.0 = Debug|Any CPU
		{30F26C90-EEA2-45A2-AC00-EA8FE3D3FDBB}.Release|Any CPU.ActiveCfg = Release|Any CPU
		{30F26C90-EEA2-45A2-AC00-EA8FE3D3FDBB}.Release|Any CPU.Build.0 = Release|Any CPU
		{A58CCFCA-111C-4B3C-AF57-1BB27F79AB43}.Debug|Any CPU.ActiveCfg = Debug|Any CPU
		{A58CCFCA-111C-4B3C-AF57-1BB27F79AB43}.Debug|Any CPU.Build.0 = Debug|Any CPU
		{A58CCFCA-111C-4B3C-AF57-1BB27F79AB43}.Release|Any CPU.ActiveCfg = Release|Any CPU
		{A58CCFCA-111C-4B3C-AF57-1BB27F79AB43}.Release|Any CPU.Build.0 = Release|Any CPU
	EndGlobalSection
	GlobalSection(NestedProjects) = preSolution
		{B4B71B43-AFEE-4F75-8AEB-FAAC019CBF01} = {655E4E4D-3C4D-48CD-AE4C-F17B850957A6}
		{9243FA9E-1227-488B-B61D-72B670016941} = {B4B71B43-AFEE-4F75-8AEB-FAAC019CBF01}
		{02697007-EB1F-4848-B29D-256A58C41AF0} = {B4B71B43-AFEE-4F75-8AEB-FAAC019CBF01}
		{762A82AE-5BCF-4F7C-BBE9-7CEBAD5495E3} = {655E4E4D-3C4D-48CD-AE4C-F17B850957A6}
		{560861F2-99F8-4509-A977-A868F45F2DC1} = {762A82AE-5BCF-4F7C-BBE9-7CEBAD5495E3}
		{5FFFD59E-C9AB-49E9-B37A-97AC2EF2278F} = {762A82AE-5BCF-4F7C-BBE9-7CEBAD5495E3}
		{EFD5DE4D-FC47-454E-9F61-DACEEDBC787B} = {A85BE40E-D30D-4397-95FC-677F21A6A21E}
		{0FAFD1CB-0744-48DB-8968-81BCD97C63EC} = {EFD5DE4D-FC47-454E-9F61-DACEEDBC787B}
		{92955D03-6D92-45A3-90A7-68703CC54239} = {EFD5DE4D-FC47-454E-9F61-DACEEDBC787B}
		{F07C93D1-2EF7-41CE-BA5C-3721EE68ABCA} = {A85BE40E-D30D-4397-95FC-677F21A6A21E}
		{96CAFFD0-E9A7-462E-ADF4-5C40B1E3741F} = {F07C93D1-2EF7-41CE-BA5C-3721EE68ABCA}
	EndGlobalSection
EndGlobal
